
Microsoft Visual Studio Solution File, Format Version 12.00
# Visual Studio Version 16
VisualStudioVersion = 16.0.30907.101
MinimumVisualStudioVersion = 10.0.40219.1
Project("{FAE04EC0-301F-11D3-BF4B-00C04F79EFBC}") = "Rentacar.Admin", "Rentacar.Admin\Rentacar.Admin.csproj", "{9F080215-EF4C-45CC-A655-034B4A3B4A33}"
EndProject
Global
	GlobalSection(SolutionConfigurationPlatforms) = preSolution
		Debug|Any CPU = Debug|Any CPU
		Release|Any CPU = Release|Any CPU
	EndGlobalSection
	GlobalSection(ProjectConfigurationPlatforms) = postSolution
		{9F080215-EF4C-45CC-A655-034B4A3B4A33}.Debug|Any CPU.ActiveCfg = Debug|Any CPU
		{9F080215-EF4C-45CC-A655-034B4A3B4A33}.Debug|Any CPU.Build.0 = Debug|Any CPU
		{9F080215-EF4C-45CC-A655-034B4A3B4A33}.Release|Any CPU.ActiveCfg = Release|Any CPU
		{9F080215-EF4C-45CC-A655-034B4A3B4A33}.Release|Any CPU.Build.0 = Release|Any CPU
	EndGlobalSection
	GlobalSection(SolutionProperties) = preSolution
		HideSolutionNode = FALSE
	EndGlobalSection
	GlobalSection(ExtensibilityGlobals) = postSolution
		SolutionGuid = {F5444E30-B390-4691-8FC9-723774F6C824}
	EndGlobalSection
EndGlobal
